// !$*UTF8*$!
{
	archiveVersion = 1;
	classes = {
	};
	objectVersion = 56;
	objects = {

/* Begin PBXBuildFile section */
		533C5919BF4776AFD9485834 /* Pods_ProximityFinder.framework in Frameworks */ = {isa = PBXBuildFile; fileRef = 94854A2A035162AF80C46183 /* Pods_ProximityFinder.framework */; };
		918438AE2A1AD53C00877452 /* ClosestPairCalculator.swift in Sources */ = {isa = PBXBuildFile; fileRef = 918438AD2A1AD53C00877452 /* ClosestPairCalculator.swift */; };
		918438B02A1AD55E00877452 /* ClosestPair.swift in Sources */ = {isa = PBXBuildFile; fileRef = 918438AF2A1AD55E00877452 /* ClosestPair.swift */; };
		91F439452A15733000DD3A20 /* AppDelegate.swift in Sources */ = {isa = PBXBuildFile; fileRef = 91F439442A15733000DD3A20 /* AppDelegate.swift */; };
		91F439472A15733000DD3A20 /* SceneDelegate.swift in Sources */ = {isa = PBXBuildFile; fileRef = 91F439462A15733000DD3A20 /* SceneDelegate.swift */; };
		91F439492A15733000DD3A20 /* ViewController.swift in Sources */ = {isa = PBXBuildFile; fileRef = 91F439482A15733000DD3A20 /* ViewController.swift */; };
		91F4394C2A15733000DD3A20 /* Main.storyboard in Resources */ = {isa = PBXBuildFile; fileRef = 91F4394A2A15733000DD3A20 /* Main.storyboard */; };
		91F4394E2A15733200DD3A20 /* Assets.xcassets in Resources */ = {isa = PBXBuildFile; fileRef = 91F4394D2A15733200DD3A20 /* Assets.xcassets */; };
		91F439512A15733200DD3A20 /* LaunchScreen.storyboard in Resources */ = {isa = PBXBuildFile; fileRef = 91F4394F2A15733200DD3A20 /* LaunchScreen.storyboard */; };
/* End PBXBuildFile section */

/* Begin PBXFileReference section */
		3F0F7C32FA7DEE35AF2FE464 /* Pods-ProximityFinder.debug.xcconfig */ = {isa = PBXFileReference; includeInIndex = 1; lastKnownFileType = text.xcconfig; name = "Pods-ProximityFinder.debug.xcconfig"; path = "Target Support Files/Pods-ProximityFinder/Pods-ProximityFinder.debug.xcconfig"; sourceTree = "<group>"; };
		71BF4A177BAB06D8BFFCBDCE /* Pods-ProximityFinder.release.xcconfig */ = {isa = PBXFileReference; includeInIndex = 1; lastKnownFileType = text.xcconfig; name = "Pods-ProximityFinder.release.xcconfig"; path = "Target Support Files/Pods-ProximityFinder/Pods-ProximityFinder.release.xcconfig"; sourceTree = "<group>"; };
		918438AD2A1AD53C00877452 /* ClosestPairCalculator.swift */ = {isa = PBXFileReference; lastKnownFileType = sourcecode.swift; path = ClosestPairCalculator.swift; sourceTree = "<group>"; };
		918438AF2A1AD55E00877452 /* ClosestPair.swift */ = {isa = PBXFileReference; lastKnownFileType = sourcecode.swift; path = ClosestPair.swift; sourceTree = "<group>"; };
		91F439412A15733000DD3A20 /* ProximityFinder.app */ = {isa = PBXFileReference; explicitFileType = wrapper.application; includeInIndex = 0; path = ProximityFinder.app; sourceTree = BUILT_PRODUCTS_DIR; };
		91F439442A15733000DD3A20 /* AppDelegate.swift */ = {isa = PBXFileReference; lastKnownFileType = sourcecode.swift; path = AppDelegate.swift; sourceTree = "<group>"; };
		91F439462A15733000DD3A20 /* SceneDelegate.swift */ = {isa = PBXFileReference; lastKnownFileType = sourcecode.swift; path = SceneDelegate.swift; sourceTree = "<group>"; };
		91F439482A15733000DD3A20 /* ViewController.swift */ = {isa = PBXFileReference; lastKnownFileType = sourcecode.swift; path = ViewController.swift; sourceTree = "<group>"; };
		91F4394B2A15733000DD3A20 /* Base */ = {isa = PBXFileReference; lastKnownFileType = file.storyboard; name = Base; path = Base.lproj/Main.storyboard; sourceTree = "<group>"; };
		91F4394D2A15733200DD3A20 /* Assets.xcassets */ = {isa = PBXFileReference; lastKnownFileType = folder.assetcatalog; path = Assets.xcassets; sourceTree = "<group>"; };
		91F439502A15733200DD3A20 /* Base */ = {isa = PBXFileReference; lastKnownFileType = file.storyboard; name = Base; path = Base.lproj/LaunchScreen.storyboard; sourceTree = "<group>"; };
		91F439522A15733200DD3A20 /* Info.plist */ = {isa = PBXFileReference; lastKnownFileType = text.plist.xml; path = Info.plist; sourceTree = "<group>"; };
		94854A2A035162AF80C46183 /* Pods_ProximityFinder.framework */ = {isa = PBXFileReference; explicitFileType = wrapper.framework; includeInIndex = 0; path = Pods_ProximityFinder.framework; sourceTree = BUILT_PRODUCTS_DIR; };
/* End PBXFileReference section */

/* Begin PBXFrameworksBuildPhase section */
		91F4393E2A15733000DD3A20 /* Frameworks */ = {
			isa = PBXFrameworksBuildPhase;
			buildActionMask = 2147483647;
			files = (
				533C5919BF4776AFD9485834 /* Pods_ProximityFinder.framework in Frameworks */,
			);
			runOnlyForDeploymentPostprocessing = 0;
		};
/* End PBXFrameworksBuildPhase section */

/* Begin PBXGroup section */
		2E3218AAFC58FC97ED93D28A /* Pods */ = {
			isa = PBXGroup;
			children = (
				3F0F7C32FA7DEE35AF2FE464 /* Pods-ProximityFinder.debug.xcconfig */,
				71BF4A177BAB06D8BFFCBDCE /* Pods-ProximityFinder.release.xcconfig */,
			);
			name = Pods;
			path = Pods;
			sourceTree = "<group>";
		};
		918438AC2A1AD50300877452 /* Model */ = {
			isa = PBXGroup;
			children = (
				918438AD2A1AD53C00877452 /* ClosestPairCalculator.swift */,
				918438AF2A1AD55E00877452 /* ClosestPair.swift */,
			);
			path = Model;
			sourceTree = "<group>";
		};
		918438B12A1AD61200877452 /* View */ = {
			isa = PBXGroup;
			children = (
				91F4394F2A15733200DD3A20 /* LaunchScreen.storyboard */,
				91F4394A2A15733000DD3A20 /* Main.storyboard */,
			);
			path = View;
			sourceTree = "<group>";
		};
		918438B22A1AD61C00877452 /* Controller */ = {
			isa = PBXGroup;
			children = (
				91F439482A15733000DD3A20 /* ViewController.swift */,
			);
			path = Controller;
			sourceTree = "<group>";
		};
		91F439382A15733000DD3A20 = {
			isa = PBXGroup;
			children = (
				91F439432A15733000DD3A20 /* ProximityFinder */,
				91F439422A15733000DD3A20 /* Products */,
				2E3218AAFC58FC97ED93D28A /* Pods */,
				A62F29DF6E0B192EF5CC2B1C /* Frameworks */,
			);
			sourceTree = "<group>";
		};
		91F439422A15733000DD3A20 /* Products */ = {
			isa = PBXGroup;
			children = (
				91F439412A15733000DD3A20 /* ProximityFinder.app */,
			);
			name = Products;
			sourceTree = "<group>";
		};
		91F439432A15733000DD3A20 /* ProximityFinder */ = {
			isa = PBXGroup;
			children = (
				918438B12A1AD61200877452 /* View */,
				918438AC2A1AD50300877452 /* Model */,
				918438B22A1AD61C00877452 /* Controller */,
				91F439442A15733000DD3A20 /* AppDelegate.swift */,
				91F439462A15733000DD3A20 /* SceneDelegate.swift */,
				91F4394D2A15733200DD3A20 /* Assets.xcassets */,
				91F439522A15733200DD3A20 /* Info.plist */,
			);
			path = ProximityFinder;
			sourceTree = "<group>";
		};
		A62F29DF6E0B192EF5CC2B1C /* Frameworks */ = {
			isa = PBXGroup;
			children = (
				94854A2A035162AF80C46183 /* Pods_ProximityFinder.framework */,
			);
			name = Frameworks;
			sourceTree = "<group>";
		};
/* End PBXGroup section */

/* Begin PBXNativeTarget section */
		91F439402A15733000DD3A20 /* ProximityFinder */ = {
			isa = PBXNativeTarget;
			buildConfigurationList = 91F439552A15733200DD3A20 /* Build configuration list for PBXNativeTarget "ProximityFinder" */;
			buildPhases = (
				5EBCA2A449972BD3103E18D5 /* [CP] Check Pods Manifest.lock */,
				91F4393D2A15733000DD3A20 /* Sources */,
				91F4393E2A15733000DD3A20 /* Frameworks */,
				91F4393F2A15733000DD3A20 /* Resources */,
				B2B91785DAC85DD908D68695 /* [CP] Embed Pods Frameworks */,
			);
			buildRules = (
			);
			dependencies = (
			);
			name = ProximityFinder;
			productName = ProximityFinder;
			productReference = 91F439412A15733000DD3A20 /* ProximityFinder.app */;
			productType = "com.apple.product-type.application";
		};
/* End PBXNativeTarget section */

/* Begin PBXProject section */
		91F439392A15733000DD3A20 /* Project object */ = {
			isa = PBXProject;
			attributes = {
				BuildIndependentTargetsInParallel = 1;
				LastSwiftUpdateCheck = 1430;
				LastUpgradeCheck = 1430;
				TargetAttributes = {
					91F439402A15733000DD3A20 = {
						CreatedOnToolsVersion = 14.3;
					};
				};
			};
			buildConfigurationList = 91F4393C2A15733000DD3A20 /* Build configuration list for PBXProject "ProximityFinder" */;
			compatibilityVersion = "Xcode 14.0";
			developmentRegion = en;
			hasScannedForEncodings = 0;
			knownRegions = (
				en,
				Base,
			);
			mainGroup = 91F439382A15733000DD3A20;
			productRefGroup = 91F439422A15733000DD3A20 /* Products */;
			projectDirPath = "";
			projectRoot = "";
			targets = (
				91F439402A15733000DD3A20 /* ProximityFinder */,
			);
		};
/* End PBXProject section */

/* Begin PBXResourcesBuildPhase section */
		91F4393F2A15733000DD3A20 /* Resources */ = {
			isa = PBXResourcesBuildPhase;
			buildActionMask = 2147483647;
			files = (
				91F439512A15733200DD3A20 /* LaunchScreen.storyboard in Resources */,
				91F4394E2A15733200DD3A20 /* Assets.xcassets in Resources */,
				91F4394C2A15733000DD3A20 /* Main.storyboard in Resources */,
			);
			runOnlyForDeploymentPostprocessing = 0;
		};
/* End PBXResourcesBuildPhase section */

/* Begin PBXShellScriptBuildPhase section */
		5EBCA2A449972BD3103E18D5 /* [CP] Check Pods Manifest.lock */ = {
			isa = PBXShellScriptBuildPhase;
			buildActionMask = 2147483647;
			files = (
			);
			inputFileListPaths = (
			);
			inputPaths = (
				"${PODS_PODFILE_DIR_PATH}/Podfile.lock",
				"${PODS_ROOT}/Manifest.lock",
			);
			name = "[CP] Check Pods Manifest.lock";
			outputFileListPaths = (
			);
			outputPaths = (
				"$(DERIVED_FILE_DIR)/Pods-ProximityFinder-checkManifestLockResult.txt",
			);
			runOnlyForDeploymentPostprocessing = 0;
			shellPath = /bin/sh;
			shellScript = "diff \"${PODS_PODFILE_DIR_PATH}/Podfile.lock\" \"${PODS_ROOT}/Manifest.lock\" > /dev/null\nif [ $? != 0 ] ; then\n    # print error to STDERR\n    echo \"error: The sandbox is not in sync with the Podfile.lock. Run 'pod install' or update your CocoaPods installation.\" >&2\n    exit 1\nfi\n# This output is used by Xcode 'outputs' to avoid re-running this script phase.\necho \"SUCCESS\" > \"${SCRIPT_OUTPUT_FILE_0}\"\n";
			showEnvVarsInLog = 0;
		};
		B2B91785DAC85DD908D68695 /* [CP] Embed Pods Frameworks */ = {
			isa = PBXShellScriptBuildPhase;
			buildActionMask = 2147483647;
			files = (
			);
			inputFileListPaths = (
				"${PODS_ROOT}/Target Support Files/Pods-ProximityFinder/Pods-ProximityFinder-frameworks-${CONFIGURATION}-input-files.xcfilelist",
			);
			name = "[CP] Embed Pods Frameworks";
			outputFileListPaths = (
				"${PODS_ROOT}/Target Support Files/Pods-ProximityFinder/Pods-ProximityFinder-frameworks-${CONFIGURATION}-output-files.xcfilelist",
			);
			runOnlyForDeploymentPostprocessing = 0;
			shellPath = /bin/sh;
			shellScript = "\"${PODS_ROOT}/Target Support Files/Pods-ProximityFinder/Pods-ProximityFinder-frameworks.sh\"\n";
			showEnvVarsInLog = 0;
		};
/* End PBXShellScriptBuildPhase section */

/* Begin PBXSourcesBuildPhase section */
		91F4393D2A15733000DD3A20 /* Sources */ = {
			isa = PBXSourcesBuildPhase;
			buildActionMask = 2147483647;
			files = (
				91F439492A15733000DD3A20 /* ViewController.swift in Sources */,
				918438AE2A1AD53C00877452 /* ClosestPairCalculator.swift in Sources */,
				91F439452A15733000DD3A20 /* AppDelegate.swift in Sources */,
				91F439472A15733000DD3A20 /* SceneDelegate.swift in Sources */,
				918438B02A1AD55E00877452 /* ClosestPair.swift in Sources */,
			);
			runOnlyForDeploymentPostprocessing = 0;
		};
/* End PBXSourcesBuildPhase section */

/* Begin PBXVariantGroup section */
		91F4394A2A15733000DD3A20 /* Main.storyboard */ = {
			isa = PBXVariantGroup;
			children = (
				91F4394B2A15733000DD3A20 /* Base */,
			);
			name = Main.storyboard;
			sourceTree = "<group>";
		};
		91F4394F2A15733200DD3A20 /* LaunchScreen.storyboard */ = {
			isa = PBXVariantGroup;
			children = (
				91F439502A15733200DD3A20 /* Base */,
			);
			name = LaunchScreen.storyboard;
			sourceTree = "<group>";
		};
/* End PBXVariantGroup section */

/* Begin XCBuildConfiguration section */
		91F439532A15733200DD3A20 /* Debug */ = {
			isa = XCBuildConfiguration;
			buildSettings = {
				ALWAYS_SEARCH_USER_PATHS = NO;
				CLANG_ANALYZER_NONNULL = YES;
				CLANG_ANALYZER_NUMBER_OBJECT_CONVERSION = YES_AGGRESSIVE;
				CLANG_CXX_LANGUAGE_STANDARD = "gnu++20";
				CLANG_ENABLE_MODULES = YES;
				CLANG_ENABLE_OBJC_ARC = YES;
				CLANG_ENABLE_OBJC_WEAK = YES;
				CLANG_WARN_BLOCK_CAPTURE_AUTORELEASING = YES;
				CLANG_WARN_BOOL_CONVERSION = YES;
				CLANG_WARN_COMMA = YES;
				CLANG_WARN_CONSTANT_CONVERSION = YES;
				CLANG_WARN_DEPRECATED_OBJC_IMPLEMENTATIONS = YES;
				CLANG_WARN_DIRECT_OBJC_ISA_USAGE = YES_ERROR;
				CLANG_WARN_DOCUMENTATION_COMMENTS = YES;
				CLANG_WARN_EMPTY_BODY = YES;
				CLANG_WARN_ENUM_CONVERSION = YES;
				CLANG_WARN_INFINITE_RECURSION = YES;
				CLANG_WARN_INT_CONVERSION = YES;
				CLANG_WARN_NON_LITERAL_NULL_CONVERSION = YES;
				CLANG_WARN_OBJC_IMPLICIT_RETAIN_SELF = YES;
				CLANG_WARN_OBJC_LITERAL_CONVERSION = YES;
				CLANG_WARN_OBJC_ROOT_CLASS = YES_ERROR;
				CLANG_WARN_QUOTED_INCLUDE_IN_FRAMEWORK_HEADER = YES;
				CLANG_WARN_RANGE_LOOP_ANALYSIS = YES;
				CLANG_WARN_STRICT_PROTOTYPES = YES;
				CLANG_WARN_SUSPICIOUS_MOVE = YES;
				CLANG_WARN_UNGUARDED_AVAILABILITY = YES_AGGRESSIVE;
				CLANG_WARN_UNREACHABLE_CODE = YES;
				CLANG_WARN__DUPLICATE_METHOD_MATCH = YES;
				COPY_PHASE_STRIP = NO;
				DEBUG_INFORMATION_FORMAT = dwarf;
				ENABLE_STRICT_OBJC_MSGSEND = YES;
				ENABLE_TESTABILITY = YES;
				GCC_C_LANGUAGE_STANDARD = gnu11;
				GCC_DYNAMIC_NO_PIC = NO;
				GCC_NO_COMMON_BLOCKS = YES;
				GCC_OPTIMIZATION_LEVEL = 0;
				GCC_PREPROCESSOR_DEFINITIONS = (
					"DEBUG=1",
					"$(inherited)",
				);
				GCC_WARN_64_TO_32_BIT_CONVERSION = YES;
				GCC_WARN_ABOUT_RETURN_TYPE = YES_ERROR;
				GCC_WARN_UNDECLARED_SELECTOR = YES;
				GCC_WARN_UNINITIALIZED_AUTOS = YES_AGGRESSIVE;
				GCC_WARN_UNUSED_FUNCTION = YES;
				GCC_WARN_UNUSED_VARIABLE = YES;
				IPHONEOS_DEPLOYMENT_TARGET = 16.4;
				MTL_ENABLE_DEBUG_INFO = INCLUDE_SOURCE;
				MTL_FAST_MATH = YES;
				ONLY_ACTIVE_ARCH = YES;
				SDKROOT = iphoneos;
				SWIFT_ACTIVE_COMPILATION_CONDITIONS = DEBUG;
				SWIFT_OPTIMIZATION_LEVEL = "-Onone";
			};
			name = Debug;
		};
		91F439542A15733200DD3A20 /* Release */ = {
			isa = XCBuildConfiguration;
			buildSettings = {
				ALWAYS_SEARCH_USER_PATHS = NO;
				CLANG_ANALYZER_NONNULL = YES;
				CLANG_ANALYZER_NUMBER_OBJECT_CONVERSION = YES_AGGRESSIVE;
				CLANG_CXX_LANGUAGE_STANDARD = "gnu++20";
				CLANG_ENABLE_MODULES = YES;
				CLANG_ENABLE_OBJC_ARC = YES;
				CLANG_ENABLE_OBJC_WEAK = YES;
				CLANG_WARN_BLOCK_CAPTURE_AUTORELEASING = YES;
				CLANG_WARN_BOOL_CONVERSION = YES;
				CLANG_WARN_COMMA = YES;
				CLANG_WARN_CONSTANT_CONVERSION = YES;
				CLANG_WARN_DEPRECATED_OBJC_IMPLEMENTATIONS = YES;
				CLANG_WARN_DIRECT_OBJC_ISA_USAGE = YES_ERROR;
				CLANG_WARN_DOCUMENTATION_COMMENTS = YES;
				CLANG_WARN_EMPTY_BODY = YES;
				CLANG_WARN_ENUM_CONVERSION = YES;
				CLANG_WARN_INFINITE_RECURSION = YES;
				CLANG_WARN_INT_CONVERSION = YES;
				CLANG_WARN_NON_LITERAL_NULL_CONVERSION = YES;
				CLANG_WARN_OBJC_IMPLICIT_RETAIN_SELF = YES;
				CLANG_WARN_OBJC_LITERAL_CONVERSION = YES;
				CLANG_WARN_OBJC_ROOT_CLASS = YES_ERROR;
				CLANG_WARN_QUOTED_INCLUDE_IN_FRAMEWORK_HEADER = YES;
				CLANG_WARN_RANGE_LOOP_ANALYSIS = YES;
				CLANG_WARN_STRICT_PROTOTYPES = YES;
				CLANG_WARN_SUSPICIOUS_MOVE = YES;
				CLANG_WARN_UNGUARDED_AVAILABILITY = YES_AGGRESSIVE;
				CLANG_WARN_UNREACHABLE_CODE = YES;
				CLANG_WARN__DUPLICATE_METHOD_MATCH = YES;
				COPY_PHASE_STRIP = NO;
				DEBUG_INFORMATION_FORMAT = "dwarf-with-dsym";
				ENABLE_NS_ASSERTIONS = NO;
				ENABLE_STRICT_OBJC_MSGSEND = YES;
				GCC_C_LANGUAGE_STANDARD = gnu11;
				GCC_NO_COMMON_BLOCKS = YES;
				GCC_WARN_64_TO_32_BIT_CONVERSION = YES;
				GCC_WARN_ABOUT_RETURN_TYPE = YES_ERROR;
				GCC_WARN_UNDECLARED_SELECTOR = YES;
				GCC_WARN_UNINITIALIZED_AUTOS = YES_AGGRESSIVE;
				GCC_WARN_UNUSED_FUNCTION = YES;
				GCC_WARN_UNUSED_VARIABLE = YES;
				IPHONEOS_DEPLOYMENT_TARGET = 16.4;
				MTL_ENABLE_DEBUG_INFO = NO;
				MTL_FAST_MATH = YES;
				SDKROOT = iphoneos;
				SWIFT_COMPILATION_MODE = wholemodule;
				SWIFT_OPTIMIZATION_LEVEL = "-O";
				VALIDATE_PRODUCT = YES;
			};
			name = Release;
		};
		91F439562A15733200DD3A20 /* Debug */ = {
			isa = XCBuildConfiguration;
			baseConfigurationReference = 3F0F7C32FA7DEE35AF2FE464 /* Pods-ProximityFinder.debug.xcconfig */;
			buildSettings = {
				ASSETCATALOG_COMPILER_APPICON_NAME = AppIcon;
				ASSETCATALOG_COMPILER_GLOBAL_ACCENT_COLOR_NAME = AccentColor;
				CODE_SIGN_STYLE = Automatic;
				CURRENT_PROJECT_VERSION = 1;
				DEVELOPMENT_TEAM = X8S7NK9ZBV;
				GENERATE_INFOPLIST_FILE = YES;
				INFOPLIST_FILE = ProximityFinder/Info.plist;
				INFOPLIST_KEY_UIApplicationSupportsIndirectInputEvents = YES;
				INFOPLIST_KEY_UILaunchStoryboardName = LaunchScreen;
				INFOPLIST_KEY_UIMainStoryboardFile = Main;
				INFOPLIST_KEY_UISupportedInterfaceOrientations_iPad = "UIInterfaceOrientationPortrait UIInterfaceOrientationPortraitUpsideDown UIInterfaceOrientationLandscapeLeft UIInterfaceOrientationLandscapeRight";
				INFOPLIST_KEY_UISupportedInterfaceOrientations_iPhone = "UIInterfaceOrientationPortrait UIInterfaceOrientationLandscapeLeft UIInterfaceOrientationLandscapeRight";
				LD_RUNPATH_SEARCH_PATHS = (
					"$(inherited)",
					"@executable_path/Frameworks",
				);
				MARKETING_VERSION = 1.0;
				PRODUCT_BUNDLE_IDENTIFIER = mehdi.ProximityFinder;
				PRODUCT_NAME = "$(TARGET_NAME)";
				SWIFT_EMIT_LOC_STRINGS = YES;
				SWIFT_VERSION = 5.0;
				TARGETED_DEVICE_FAMILY = "1,2";
			};
			name = Debug;
		};
		91F439572A15733200DD3A20 /* Release */ = {
			isa = XCBuildConfiguration;
			baseConfigurationReference = 71BF4A177BAB06D8BFFCBDCE /* Pods-ProximityFinder.release.xcconfig */;
			buildSettings = {
				ASSETCATALOG_COMPILER_APPICON_NAME = AppIcon;
				ASSETCATALOG_COMPILER_GLOBAL_ACCENT_COLOR_NAME = AccentColor;
				CODE_SIGN_STYLE = Automatic;
				CURRENT_PROJECT_VERSION = 1;
				DEVELOPMENT_TEAM = X8S7NK9ZBV;
				GENERATE_INFOPLIST_FILE = YES;
				INFOPLIST_FILE = ProximityFinder/Info.plist;
				INFOPLIST_KEY_UIApplicationSupportsIndirectInputEvents = YES;
				INFOPLIST_KEY_UILaunchStoryboardName = LaunchScreen;
				INFOPLIST_KEY_UIMainStoryboardFile = Main;
				INFOPLIST_KEY_UISupportedInterfaceOrientations_iPad = "UIInterfaceOrientationPortrait UIInterfaceOrientationPortraitUpsideDown UIInterfaceOrientationLandscapeLeft UIInterfaceOrientationLandscapeRight";
				INFOPLIST_KEY_UISupportedInterfaceOrientations_iPhone = "UIInterfaceOrientationPortrait UIInterfaceOrientationLandscapeLeft UIInterfaceOrientationLandscapeRight";
				LD_RUNPATH_SEARCH_PATHS = (
					"$(inherited)",
					"@executable_path/Frameworks",
				);
				MARKETING_VERSION = 1.0;
				PRODUCT_BUNDLE_IDENTIFIER = mehdi.ProximityFinder;
				PRODUCT_NAME = "$(TARGET_NAME)";
				SWIFT_EMIT_LOC_STRINGS = YES;
				SWIFT_VERSION = 5.0;
				TARGETED_DEVICE_FAMILY = "1,2";
			};
			name = Release;
		};
/* End XCBuildConfiguration section */

/* Begin XCConfigurationList section */
		91F4393C2A15733000DD3A20 /* Build configuration list for PBXProject "ProximityFinder" */ = {
			isa = XCConfigurationList;
			buildConfigurations = (
				91F439532A15733200DD3A20 /* Debug */,
				91F439542A15733200DD3A20 /* Release */,
			);
			defaultConfigurationIsVisible = 0;
			defaultConfigurationName = Release;
		};
		91F439552A15733200DD3A20 /* Build configuration list for PBXNativeTarget "ProximityFinder" */ = {
			isa = XCConfigurationList;
			buildConfigurations = (
				91F439562A15733200DD3A20 /* Debug */,
				91F439572A15733200DD3A20 /* Release */,
			);
			defaultConfigurationIsVisible = 0;
			defaultConfigurationName = Release;
		};
/* End XCConfigurationList section */
	};
	rootObject = 91F439392A15733000DD3A20 /* Project object */;
}
